
Microsoft Visual Studio Solution File, Format Version 12.00
# Visual Studio Version 16
VisualStudioVersion = 25.0.1704.4
MinimumVisualStudioVersion = 10.0.40219.1
Project("{FAE04EC0-301F-11D3-BF4B-00C04F79EFBC}") = "lab1", "lab1\lab1.csproj", "{682471C4-19F5-4739-BBB9-874163E7B027}"
EndProject
Project("{FAE04EC0-301F-11D3-BF4B-00C04F79EFBC}") = "lab2", "lab2\lab2.csproj", "{53F9629F-E377-4C3E-943A-CBF8592EC5BB}"
EndProject
Project("{FAE04EC0-301F-11D3-BF4B-00C04F79EFBC}") = "lab3", "lab3\lab3.csproj", "{D1D32A83-397E-47CD-B3BD-086ABA9CBA77}"
EndProject
Global
	GlobalSection(SolutionConfigurationPlatforms) = preSolution
		Debug|Any CPU = Debug|Any CPU
		Release|Any CPU = Release|Any CPU
	EndGlobalSection
	GlobalSection(ProjectConfigurationPlatforms) = postSolution
		{682471C4-19F5-4739-BBB9-874163E7B027}.Debug|Any CPU.ActiveCfg = Debug|Any CPU
		{682471C4-19F5-4739-BBB9-874163E7B027}.Debug|Any CPU.Build.0 = Debug|Any CPU
		{682471C4-19F5-4739-BBB9-874163E7B027}.Release|Any CPU.ActiveCfg = Release|Any CPU
		{682471C4-19F5-4739-BBB9-874163E7B027}.Release|Any CPU.Build.0 = Release|Any CPU
		{53F9629F-E377-4C3E-943A-CBF8592EC5BB}.Debug|Any CPU.ActiveCfg = Debug|Any CPU
		{53F9629F-E377-4C3E-943A-CBF8592EC5BB}.Debug|Any CPU.Build.0 = Debug|Any CPU
		{53F9629F-E377-4C3E-943A-CBF8592EC5BB}.Release|Any CPU.ActiveCfg = Release|Any CPU
		{53F9629F-E377-4C3E-943A-CBF8592EC5BB}.Release|Any CPU.Build.0 = Release|Any CPU
		{D1D32A83-397E-47CD-B3BD-086ABA9CBA77}.Debug|Any CPU.ActiveCfg = Debug|Any CPU
		{D1D32A83-397E-47CD-B3BD-086ABA9CBA77}.Debug|Any CPU.Build.0 = Debug|Any CPU
		{D1D32A83-397E-47CD-B3BD-086ABA9CBA77}.Release|Any CPU.ActiveCfg = Release|Any CPU
		{D1D32A83-397E-47CD-B3BD-086ABA9CBA77}.Release|Any CPU.Build.0 = Release|Any CPU
	EndGlobalSection
	GlobalSection(SolutionProperties) = preSolution
		HideSolutionNode = FALSE
	EndGlobalSection
	GlobalSection(ExtensibilityGlobals) = postSolution
		SolutionGuid = {8486CF27-8839-446A-966B-A7B0EDF132C2}
	EndGlobalSection
EndGlobal
